
Microsoft Visual Studio Solution File, Format Version 12.00
# Visual Studio Version 17
VisualStudioVersion = 17.9.34714.143
MinimumVisualStudioVersion = 10.0.40219.1
Project("{8BC9CEB8-8B4A-11D0-8D11-00A0C91BC942}") = "PastaBin2", "PastaBin2.vcxproj", "{6D7662D4-67F7-4CFD-9E60-B06FE324B645}"
EndProject
Global
	GlobalSection(SolutionConfigurationPlatforms) = preSolution
		Debug|x64 = Debug|x64
		Debug|x86 = Debug|x86
		Release|x64 = Release|x64
		Release|x86 = Release|x86
	EndGlobalSection
	GlobalSection(ProjectConfigurationPlatforms) = postSolution
		{6D7662D4-67F7-4CFD-9E60-B06FE324B645}.Debug|x64.ActiveCfg = Debug|x64
		{6D7662D4-67F7-4CFD-9E60-B06FE324B645}.Debug|x64.Build.0 = Debug|x64
		{6D7662D4-67F7-4CFD-9E60-B06FE324B645}.Debug|x86.ActiveCfg = Debug|Win32
		{6D7662D4-67F7-4CFD-9E60-B06FE324B645}.Debug|x86.Build.0 = Debug|Win32
		{6D7662D4-67F7-4CFD-9E60-B06FE324B645}.Release|x64.ActiveCfg = Release|x64
		{6D7662D4-67F7-4CFD-9E60-B06FE324B645}.Release|x64.Build.0 = Release|x64
		{6D7662D4-67F7-4CFD-9E60-B06FE324B645}.Release|x86.ActiveCfg = Release|Win32
		{6D7662D4-67F7-4CFD-9E60-B06FE324B645}.Release|x86.Build.0 = Release|Win32
	EndGlobalSection
	GlobalSection(SolutionProperties) = preSolution
		HideSolutionNode = FALSE
	EndGlobalSection
	GlobalSection(ExtensibilityGlobals) = postSolution
		SolutionGuid = {3821DB57-2934-4C09-B77D-5ECAF7E3B166}
	EndGlobalSection
EndGlobal
