
Microsoft Visual Studio Solution File, Format Version 12.00
# Visual Studio Version 17
VisualStudioVersion = 17.9.34714.143
MinimumVisualStudioVersion = 10.0.40219.1
Project("{9A19103F-16F7-4668-BE54-9A1E7A4F7556}") = "BLL", "BLL\BLL.csproj", "{63E27C39-5DA9-4707-BB9D-B32E5AC6A770}"
EndProject
Project("{9A19103F-16F7-4668-BE54-9A1E7A4F7556}") = "BLL-EF", "BLL-EF\BLL-EF.csproj", "{1D9F9039-71B2-41B7-A06B-71E0CB3B2983}"
EndProject
Project("{9A19103F-16F7-4668-BE54-9A1E7A4F7556}") = "DAL", "DAL\DAL.csproj", "{B3B2E955-12A9-4A12-B6D8-7CC6BE5E0238}"
EndProject
Project("{9A19103F-16F7-4668-BE54-9A1E7A4F7556}") = "Model", "Model\Model.csproj", "{774E03A9-B3CA-49BF-8C09-88D45C8A90D5}"
EndProject
Project("{FAE04EC0-301F-11D3-BF4B-00C04F79EFBC}") = "WebAPI", "WebAPI\WebAPI.csproj", "{E5C89883-271E-40D4-A7EC-699B2D8052E4}"
EndProject
Global
	GlobalSection(SolutionConfigurationPlatforms) = preSolution
		Debug|Any CPU = Debug|Any CPU
		Release|Any CPU = Release|Any CPU
	EndGlobalSection
	GlobalSection(ProjectConfigurationPlatforms) = postSolution
		{63E27C39-5DA9-4707-BB9D-B32E5AC6A770}.Debug|Any CPU.ActiveCfg = Debug|Any CPU
		{63E27C39-5DA9-4707-BB9D-B32E5AC6A770}.Debug|Any CPU.Build.0 = Debug|Any CPU
		{63E27C39-5DA9-4707-BB9D-B32E5AC6A770}.Release|Any CPU.ActiveCfg = Release|Any CPU
		{63E27C39-5DA9-4707-BB9D-B32E5AC6A770}.Release|Any CPU.Build.0 = Release|Any CPU
		{1D9F9039-71B2-41B7-A06B-71E0CB3B2983}.Debug|Any CPU.ActiveCfg = Debug|Any CPU
		{1D9F9039-71B2-41B7-A06B-71E0CB3B2983}.Debug|Any CPU.Build.0 = Debug|Any CPU
		{1D9F9039-71B2-41B7-A06B-71E0CB3B2983}.Release|Any CPU.ActiveCfg = Release|Any CPU
		{1D9F9039-71B2-41B7-A06B-71E0CB3B2983}.Release|Any CPU.Build.0 = Release|Any CPU
		{B3B2E955-12A9-4A12-B6D8-7CC6BE5E0238}.Debug|Any CPU.ActiveCfg = Debug|Any CPU
		{B3B2E955-12A9-4A12-B6D8-7CC6BE5E0238}.Debug|Any CPU.Build.0 = Debug|Any CPU
		{B3B2E955-12A9-4A12-B6D8-7CC6BE5E0238}.Release|Any CPU.ActiveCfg = Release|Any CPU
		{B3B2E955-12A9-4A12-B6D8-7CC6BE5E0238}.Release|Any CPU.Build.0 = Release|Any CPU
		{774E03A9-B3CA-49BF-8C09-88D45C8A90D5}.Debug|Any CPU.ActiveCfg = Debug|Any CPU
		{774E03A9-B3CA-49BF-8C09-88D45C8A90D5}.Debug|Any CPU.Build.0 = Debug|Any CPU
		{774E03A9-B3CA-49BF-8C09-88D45C8A90D5}.Release|Any CPU.ActiveCfg = Release|Any CPU
		{774E03A9-B3CA-49BF-8C09-88D45C8A90D5}.Release|Any CPU.Build.0 = Release|Any CPU
		{E5C89883-271E-40D4-A7EC-699B2D8052E4}.Debug|Any CPU.ActiveCfg = Debug|Any CPU
		{E5C89883-271E-40D4-A7EC-699B2D8052E4}.Debug|Any CPU.Build.0 = Debug|Any CPU
		{E5C89883-271E-40D4-A7EC-699B2D8052E4}.Release|Any CPU.ActiveCfg = Release|Any CPU
		{E5C89883-271E-40D4-A7EC-699B2D8052E4}.Release|Any CPU.Build.0 = Release|Any CPU
	EndGlobalSection
	GlobalSection(SolutionProperties) = preSolution
		HideSolutionNode = FALSE
	EndGlobalSection
	GlobalSection(ExtensibilityGlobals) = postSolution
		SolutionGuid = {3821DB57-2934-4C09-B77D-5ECAF7E3B166}
	EndGlobalSection
EndGlobal
